
Microsoft Visual Studio Solution File, Format Version 12.00
# Visual Studio Version 16
VisualStudioVersion = 16.0.30114.105
MinimumVisualStudioVersion = 10.0.40219.1
Project("{9A19103F-16F7-4668-BE54-9A1E7A4F7556}") = "BethanysPieShopHRM.Server", "BethanysPieShopHRM.Server\BethanysPieShopHRM.Server.csproj", "{D402790D-EE99-4201-99C9-9B45E1E79CBD}"
EndProject
Project("{9A19103F-16F7-4668-BE54-9A1E7A4F7556}") = "BethanysPieShopHRM.Shared", "BethanysPieShopHRM.Shared\BethanysPieShopHRM.Shared.csproj", "{B03D5CC0-F00D-4C6C-B201-FCFDADF55F72}"
EndProject
Global
	GlobalSection(SolutionConfigurationPlatforms) = preSolution
		Debug|Any CPU = Debug|Any CPU
		Release|Any CPU = Release|Any CPU
	EndGlobalSection
	GlobalSection(ProjectConfigurationPlatforms) = postSolution
		{D402790D-EE99-4201-99C9-9B45E1E79CBD}.Debug|Any CPU.ActiveCfg = Debug|Any CPU
		{D402790D-EE99-4201-99C9-9B45E1E79CBD}.Debug|Any CPU.Build.0 = Debug|Any CPU
		{D402790D-EE99-4201-99C9-9B45E1E79CBD}.Release|Any CPU.ActiveCfg = Release|Any CPU
		{D402790D-EE99-4201-99C9-9B45E1E79CBD}.Release|Any CPU.Build.0 = Release|Any CPU
		{B03D5CC0-F00D-4C6C-B201-FCFDADF55F72}.Debug|Any CPU.ActiveCfg = Debug|Any CPU
		{B03D5CC0-F00D-4C6C-B201-FCFDADF55F72}.Debug|Any CPU.Build.0 = Debug|Any CPU
		{B03D5CC0-F00D-4C6C-B201-FCFDADF55F72}.Release|Any CPU.ActiveCfg = Release|Any CPU
		{B03D5CC0-F00D-4C6C-B201-FCFDADF55F72}.Release|Any CPU.Build.0 = Release|Any CPU
	EndGlobalSection
	GlobalSection(SolutionProperties) = preSolution
		HideSolutionNode = FALSE
	EndGlobalSection
	GlobalSection(ExtensibilityGlobals) = postSolution
		SolutionGuid = {E16F079F-85EC-41EC-B31A-A900AB51C26D}
	EndGlobalSection
EndGlobal
